
Microsoft Visual Studio Solution File, Format Version 12.00
# Visual Studio Version 16
VisualStudioVersion = 16.0.31129.286
MinimumVisualStudioVersion = 10.0.40219.1
Project("{FAE04EC0-301F-11D3-BF4B-00C04F79EFBC}") = "n1_inmobilaria", "n1_inmobilaria\n1_inmobilaria.csproj", "{375D7F77-96EA-4CFE-9916-FF08DBB84116}"
EndProject
Global
	GlobalSection(SolutionConfigurationPlatforms) = preSolution
		Debug|Any CPU = Debug|Any CPU
		Release|Any CPU = Release|Any CPU
	EndGlobalSection
	GlobalSection(ProjectConfigurationPlatforms) = postSolution
		{375D7F77-96EA-4CFE-9916-FF08DBB84116}.Debug|Any CPU.ActiveCfg = Debug|Any CPU
		{375D7F77-96EA-4CFE-9916-FF08DBB84116}.Debug|Any CPU.Build.0 = Debug|Any CPU
		{375D7F77-96EA-4CFE-9916-FF08DBB84116}.Release|Any CPU.ActiveCfg = Release|Any CPU
		{375D7F77-96EA-4CFE-9916-FF08DBB84116}.Release|Any CPU.Build.0 = Release|Any CPU
	EndGlobalSection
	GlobalSection(SolutionProperties) = preSolution
		HideSolutionNode = FALSE
	EndGlobalSection
	GlobalSection(ExtensibilityGlobals) = postSolution
		SolutionGuid = {5DF4B221-DD0F-400F-A582-DB797397DFA7}
	EndGlobalSection
EndGlobal
